
Microsoft Visual Studio Solution File, Format Version 12.00
# Visual Studio 15
Project("{FAE04EC0-301F-11D3-BF4B-00C04F79EFBC}") = "Assembly-CSharp", "Assembly-CSharp.csproj", "{6577E610-BFE9-4318-7B02-69F44B41D631}"
EndProject
Project("{FAE04EC0-301F-11D3-BF4B-00C04F79EFBC}") = "com.ben-w.erp", "com.ben-w.erp.csproj", "{5F09901D-A143-2118-3B1B-ECC3BE47779B}"
EndProject
Global
	GlobalSection(SolutionConfigurationPlatforms) = preSolution
		Debug|Any CPU = Debug|Any CPU
		Release|Any CPU = Release|Any CPU
	EndGlobalSection
	GlobalSection(ProjectConfigurationPlatforms) = postSolution
		{6577E610-BFE9-4318-7B02-69F44B41D631}.Debug|Any CPU.ActiveCfg = Debug|Any CPU
		{6577E610-BFE9-4318-7B02-69F44B41D631}.Debug|Any CPU.Build.0 = Debug|Any CPU
		{6577E610-BFE9-4318-7B02-69F44B41D631}.Release|Any CPU.ActiveCfg = Release|Any CPU
		{6577E610-BFE9-4318-7B02-69F44B41D631}.Release|Any CPU.Build.0 = Release|Any CPU
		{5F09901D-A143-2118-3B1B-ECC3BE47779B}.Debug|Any CPU.ActiveCfg = Debug|Any CPU
		{5F09901D-A143-2118-3B1B-ECC3BE47779B}.Debug|Any CPU.Build.0 = Debug|Any CPU
		{5F09901D-A143-2118-3B1B-ECC3BE47779B}.Release|Any CPU.ActiveCfg = Release|Any CPU
		{5F09901D-A143-2118-3B1B-ECC3BE47779B}.Release|Any CPU.Build.0 = Release|Any CPU
	EndGlobalSection
	GlobalSection(SolutionProperties) = preSolution
		HideSolutionNode = FALSE
	EndGlobalSection
EndGlobal
